
Microsoft Visual Studio Solution File, Format Version 12.00
# Visual Studio Version 17
VisualStudioVersion = 17.6.33829.357
MinimumVisualStudioVersion = 10.0.40219.1
Project("{9A19103F-16F7-4668-BE54-9A1E7A4F7556}") = "GoldenDaisyWebUI", "GoldenDaisyWebUI\GoldenDaisyWebUI.csproj", "{B7FD2908-75CA-4294-B87E-519D59585D50}"
EndProject
Global
	GlobalSection(SolutionConfigurationPlatforms) = preSolution
		Debug|Any CPU = Debug|Any CPU
		Release|Any CPU = Release|Any CPU
	EndGlobalSection
	GlobalSection(ProjectConfigurationPlatforms) = postSolution
		{B7FD2908-75CA-4294-B87E-519D59585D50}.Debug|Any CPU.ActiveCfg = Debug|Any CPU
		{B7FD2908-75CA-4294-B87E-519D59585D50}.Debug|Any CPU.Build.0 = Debug|Any CPU
		{B7FD2908-75CA-4294-B87E-519D59585D50}.Release|Any CPU.ActiveCfg = Release|Any CPU
		{B7FD2908-75CA-4294-B87E-519D59585D50}.Release|Any CPU.Build.0 = Release|Any CPU
	EndGlobalSection
	GlobalSection(SolutionProperties) = preSolution
		HideSolutionNode = FALSE
	EndGlobalSection
	GlobalSection(ExtensibilityGlobals) = postSolution
		SolutionGuid = {EF6D0C33-2EF2-4C24-AA66-BEE940D971D3}
	EndGlobalSection
EndGlobal
